
Microsoft Visual Studio Solution File, Format Version 12.00
# Visual Studio Version 17
VisualStudioVersion = 17.11.35312.102
MinimumVisualStudioVersion = 10.0.40219.1
Project("{9A19103F-16F7-4668-BE54-9A1E7A4F7556}") = "WindowsApp", "GalaxyAIAsistant\WindowsApp.csproj", "{9E3DF650-0A7B-4127-A3C0-DE1F49EF0814}"
EndProject
Project("{FAE04EC0-301F-11D3-BF4B-00C04F79EFBC}") = "Entity", "Entity\Entity.csproj", "{F2F0C61F-5F46-4529-B2FB-8F2AEDF937B3}"
EndProject
Project("{FAE04EC0-301F-11D3-BF4B-00C04F79EFBC}") = "Infrastructure", "Infrastructure\Infrastructure.csproj", "{57044A78-D32A-4B90-8955-FAA3576DD0EC}"
EndProject
Project("{FAE04EC0-301F-11D3-BF4B-00C04F79EFBC}") = "Tools", "Tools\Tools.csproj", "{6EC6FAFD-7FE9-41FA-B33B-54FF566782AE}"
EndProject
Project("{FAE04EC0-301F-11D3-BF4B-00C04F79EFBC}") = "DataBridge", "DataBridge\DataBridge.csproj", "{E89A4789-3F9A-45B7-884D-E1CB471DDB3D}"
EndProject
Global
	GlobalSection(SolutionConfigurationPlatforms) = preSolution
		Debug|Any CPU = Debug|Any CPU
		Release|Any CPU = Release|Any CPU
	EndGlobalSection
	GlobalSection(ProjectConfigurationPlatforms) = postSolution
		{9E3DF650-0A7B-4127-A3C0-DE1F49EF0814}.Debug|Any CPU.ActiveCfg = Debug|Any CPU
		{9E3DF650-0A7B-4127-A3C0-DE1F49EF0814}.Debug|Any CPU.Build.0 = Debug|Any CPU
		{9E3DF650-0A7B-4127-A3C0-DE1F49EF0814}.Release|Any CPU.ActiveCfg = Release|Any CPU
		{9E3DF650-0A7B-4127-A3C0-DE1F49EF0814}.Release|Any CPU.Build.0 = Release|Any CPU
		{F2F0C61F-5F46-4529-B2FB-8F2AEDF937B3}.Debug|Any CPU.ActiveCfg = Debug|Any CPU
		{F2F0C61F-5F46-4529-B2FB-8F2AEDF937B3}.Debug|Any CPU.Build.0 = Debug|Any CPU
		{F2F0C61F-5F46-4529-B2FB-8F2AEDF937B3}.Release|Any CPU.ActiveCfg = Release|Any CPU
		{F2F0C61F-5F46-4529-B2FB-8F2AEDF937B3}.Release|Any CPU.Build.0 = Release|Any CPU
		{57044A78-D32A-4B90-8955-FAA3576DD0EC}.Debug|Any CPU.ActiveCfg = Debug|Any CPU
		{57044A78-D32A-4B90-8955-FAA3576DD0EC}.Debug|Any CPU.Build.0 = Debug|Any CPU
		{57044A78-D32A-4B90-8955-FAA3576DD0EC}.Release|Any CPU.ActiveCfg = Release|Any CPU
		{57044A78-D32A-4B90-8955-FAA3576DD0EC}.Release|Any CPU.Build.0 = Release|Any CPU
		{6EC6FAFD-7FE9-41FA-B33B-54FF566782AE}.Debug|Any CPU.ActiveCfg = Debug|Any CPU
		{6EC6FAFD-7FE9-41FA-B33B-54FF566782AE}.Debug|Any CPU.Build.0 = Debug|Any CPU
		{6EC6FAFD-7FE9-41FA-B33B-54FF566782AE}.Release|Any CPU.ActiveCfg = Release|Any CPU
		{6EC6FAFD-7FE9-41FA-B33B-54FF566782AE}.Release|Any CPU.Build.0 = Release|Any CPU
		{E89A4789-3F9A-45B7-884D-E1CB471DDB3D}.Debug|Any CPU.ActiveCfg = Debug|Any CPU
		{E89A4789-3F9A-45B7-884D-E1CB471DDB3D}.Debug|Any CPU.Build.0 = Debug|Any CPU
		{E89A4789-3F9A-45B7-884D-E1CB471DDB3D}.Release|Any CPU.ActiveCfg = Release|Any CPU
		{E89A4789-3F9A-45B7-884D-E1CB471DDB3D}.Release|Any CPU.Build.0 = Release|Any CPU
	EndGlobalSection
	GlobalSection(SolutionProperties) = preSolution
		HideSolutionNode = FALSE
	EndGlobalSection
	GlobalSection(ExtensibilityGlobals) = postSolution
		SolutionGuid = {B6A0009E-D51C-4607-94B3-7B5E4FE4E858}
	EndGlobalSection
EndGlobal
